
Microsoft Visual Studio Solution File, Format Version 12.00
# Visual Studio Version 16
VisualStudioVersion = 16.0.29709.97
MinimumVisualStudioVersion = 10.0.40219.1
Project("{9A19103F-16F7-4668-BE54-9A1E7A4F7556}") = "Sem.Tools", "Sem.Tools\Sem.Tools.csproj", "{E4E42C27-5168-40FA-8297-A362C4700B17}"
EndProject
Project("{9A19103F-16F7-4668-BE54-9A1E7A4F7556}") = "Sem.Tools.CmdLine", "Sem.Tools.CmdLine\Sem.Tools.CmdLine.csproj", "{D01CE206-D534-4EF1-A0E0-F4A1F5382E93}"
EndProject
Project("{9A19103F-16F7-4668-BE54-9A1E7A4F7556}") = "Sem.Tools.Logging", "Sem.Tools.Logging\Sem.Tools.Logging.csproj", "{0A2931D1-CD68-4E7F-8F65-E2A148AEF152}"
EndProject
Project("{9A19103F-16F7-4668-BE54-9A1E7A4F7556}") = "Sem.Tools.Logging.Tests", "Sem.Tools.Logging.Tests\Sem.Tools.Logging.Tests.csproj", "{4B7F89AC-2C05-426E-922B-A1603A0FC99D}"
EndProject
Project("{9A19103F-16F7-4668-BE54-9A1E7A4F7556}") = "Sem.Data.SprocAccess", "Sem.Data.SprocAccess\Sem.Data.SprocAccess.csproj", "{F835059D-C7F1-403D-8664-4EFC18A42E26}"
EndProject
Project("{9A19103F-16F7-4668-BE54-9A1E7A4F7556}") = "Sem.Data.SprocAccess.SqlServer", "Sem.Data.SprocAccess.SqlServer\Sem.Data.SprocAccess.SqlServer.csproj", "{5D6296AD-C6E5-40BF-B775-205B2A576D81}"
EndProject
Project("{9A19103F-16F7-4668-BE54-9A1E7A4F7556}") = "Sem.Data.SprocAccess.IntegrationTests", "Sem.Data.SprocAccess.IntegrationTests\Sem.Data.SprocAccess.IntegrationTests.csproj", "{FC940922-E744-4D78-A683-A1D6EF78C148}"
EndProject
Project("{9A19103F-16F7-4668-BE54-9A1E7A4F7556}") = "Sem.Data.SprocAccess.FileSystem", "Sem.Data.SprocAccess.FileSystem\Sem.Data.SprocAccess.FileSystem.csproj", "{C4AE45D3-88D8-440F-BA7F-9141E219F55D}"
EndProject
Project("{2150E333-8FDC-42A3-9474-1A3956D46DE8}") = "30 Data Access", "30 Data Access", "{3D333F70-DAA6-4586-BF4F-9330BB52DFE9}"
EndProject
Project("{2150E333-8FDC-42A3-9474-1A3956D46DE8}") = "20 Logging", "20 Logging", "{403C513A-196E-4B4F-915C-E2DF6407B999}"
EndProject
Project("{2150E333-8FDC-42A3-9474-1A3956D46DE8}") = "10 Tools", "10 Tools", "{CA13352C-39A6-44F0-B276-C9C6D11A6EB8}"
EndProject
Project("{9A19103F-16F7-4668-BE54-9A1E7A4F7556}") = "Sem.Data.SprocAccess.FileSystemTests", "Sem.Data.SprocAccess.FileSystemTests\Sem.Data.SprocAccess.FileSystemTests.csproj", "{C00E3448-388F-4FBE-B9CE-43100D47CA54}"
EndProject
Project("{FAE04EC0-301F-11D3-BF4B-00C04F79EFBC}") = "Sem.Tools.Tests", "Sem.Tools.Tests\Sem.Tools.Tests.csproj", "{C5984BC4-5CFF-492E-B038-AABDB05A1131}"
EndProject
Project("{2150E333-8FDC-42A3-9474-1A3956D46DE8}") = "00 Solution Items", "00 Solution Items", "{9EB11DEE-AE0D-4641-A965-67A701AC1E7D}"
	ProjectSection(SolutionItems) = preProject
		azure-pipelines.yml = azure-pipelines.yml
		Documentation.MD = Documentation.MD
		README.md = README.md
	EndProjectSection
EndProject
Project("{FAE04EC0-301F-11D3-BF4B-00C04F79EFBC}") = "Sem.MdDocGenerator", "Sem.MdDocGenerator\Sem.MdDocGenerator.csproj", "{33581FB6-74C5-42EA-B406-A2D8E54EA710}"
EndProject
Global
	GlobalSection(SolutionConfigurationPlatforms) = preSolution
		Debug|Any CPU = Debug|Any CPU
		Release|Any CPU = Release|Any CPU
	EndGlobalSection
	GlobalSection(ProjectConfigurationPlatforms) = postSolution
		{E4E42C27-5168-40FA-8297-A362C4700B17}.Debug|Any CPU.ActiveCfg = Debug|Any CPU
		{E4E42C27-5168-40FA-8297-A362C4700B17}.Debug|Any CPU.Build.0 = Debug|Any CPU
		{E4E42C27-5168-40FA-8297-A362C4700B17}.Release|Any CPU.ActiveCfg = Release|Any CPU
		{E4E42C27-5168-40FA-8297-A362C4700B17}.Release|Any CPU.Build.0 = Release|Any CPU
		{D01CE206-D534-4EF1-A0E0-F4A1F5382E93}.Debug|Any CPU.ActiveCfg = Debug|Any CPU
		{D01CE206-D534-4EF1-A0E0-F4A1F5382E93}.Debug|Any CPU.Build.0 = Debug|Any CPU
		{D01CE206-D534-4EF1-A0E0-F4A1F5382E93}.Release|Any CPU.ActiveCfg = Release|Any CPU
		{D01CE206-D534-4EF1-A0E0-F4A1F5382E93}.Release|Any CPU.Build.0 = Release|Any CPU
		{0A2931D1-CD68-4E7F-8F65-E2A148AEF152}.Debug|Any CPU.ActiveCfg = Debug|Any CPU
		{0A2931D1-CD68-4E7F-8F65-E2A148AEF152}.Debug|Any CPU.Build.0 = Debug|Any CPU
		{0A2931D1-CD68-4E7F-8F65-E2A148AEF152}.Release|Any CPU.ActiveCfg = Release|Any CPU
		{0A2931D1-CD68-4E7F-8F65-E2A148AEF152}.Release|Any CPU.Build.0 = Release|Any CPU
		{4B7F89AC-2C05-426E-922B-A1603A0FC99D}.Debug|Any CPU.ActiveCfg = Debug|Any CPU
		{4B7F89AC-2C05-426E-922B-A1603A0FC99D}.Debug|Any CPU.Build.0 = Debug|Any CPU
		{4B7F89AC-2C05-426E-922B-A1603A0FC99D}.Release|Any CPU.ActiveCfg = Release|Any CPU
		{4B7F89AC-2C05-426E-922B-A1603A0FC99D}.Release|Any CPU.Build.0 = Release|Any CPU
		{F835059D-C7F1-403D-8664-4EFC18A42E26}.Debug|Any CPU.ActiveCfg = Debug|Any CPU
		{F835059D-C7F1-403D-8664-4EFC18A42E26}.Debug|Any CPU.Build.0 = Debug|Any CPU
		{F835059D-C7F1-403D-8664-4EFC18A42E26}.Release|Any CPU.ActiveCfg = Release|Any CPU
		{F835059D-C7F1-403D-8664-4EFC18A42E26}.Release|Any CPU.Build.0 = Release|Any CPU
		{5D6296AD-C6E5-40BF-B775-205B2A576D81}.Debug|Any CPU.ActiveCfg = Debug|Any CPU
		{5D6296AD-C6E5-40BF-B775-205B2A576D81}.Debug|Any CPU.Build.0 = Debug|Any CPU
		{5D6296AD-C6E5-40BF-B775-205B2A576D81}.Release|Any CPU.ActiveCfg = Release|Any CPU
		{5D6296AD-C6E5-40BF-B775-205B2A576D81}.Release|Any CPU.Build.0 = Release|Any CPU
		{FC940922-E744-4D78-A683-A1D6EF78C148}.Debug|Any CPU.ActiveCfg = Debug|Any CPU
		{FC940922-E744-4D78-A683-A1D6EF78C148}.Debug|Any CPU.Build.0 = Debug|Any CPU
		{FC940922-E744-4D78-A683-A1D6EF78C148}.Release|Any CPU.ActiveCfg = Release|Any CPU
		{FC940922-E744-4D78-A683-A1D6EF78C148}.Release|Any CPU.Build.0 = Release|Any CPU
		{C4AE45D3-88D8-440F-BA7F-9141E219F55D}.Debug|Any CPU.ActiveCfg = Debug|Any CPU
		{C4AE45D3-88D8-440F-BA7F-9141E219F55D}.Debug|Any CPU.Build.0 = Debug|Any CPU
		{C4AE45D3-88D8-440F-BA7F-9141E219F55D}.Release|Any CPU.ActiveCfg = Release|Any CPU
		{C4AE45D3-88D8-440F-BA7F-9141E219F55D}.Release|Any CPU.Build.0 = Release|Any CPU
		{C00E3448-388F-4FBE-B9CE-43100D47CA54}.Debug|Any CPU.ActiveCfg = Debug|Any CPU
		{C00E3448-388F-4FBE-B9CE-43100D47CA54}.Debug|Any CPU.Build.0 = Debug|Any CPU
		{C00E3448-388F-4FBE-B9CE-43100D47CA54}.Release|Any CPU.ActiveCfg = Release|Any CPU
		{C00E3448-388F-4FBE-B9CE-43100D47CA54}.Release|Any CPU.Build.0 = Release|Any CPU
		{C5984BC4-5CFF-492E-B038-AABDB05A1131}.Debug|Any CPU.ActiveCfg = Debug|Any CPU
		{C5984BC4-5CFF-492E-B038-AABDB05A1131}.Debug|Any CPU.Build.0 = Debug|Any CPU
		{C5984BC4-5CFF-492E-B038-AABDB05A1131}.Release|Any CPU.ActiveCfg = Release|Any CPU
		{C5984BC4-5CFF-492E-B038-AABDB05A1131}.Release|Any CPU.Build.0 = Release|Any CPU
		{33581FB6-74C5-42EA-B406-A2D8E54EA710}.Debug|Any CPU.ActiveCfg = Debug|Any CPU
		{33581FB6-74C5-42EA-B406-A2D8E54EA710}.Debug|Any CPU.Build.0 = Debug|Any CPU
		{33581FB6-74C5-42EA-B406-A2D8E54EA710}.Release|Any CPU.ActiveCfg = Release|Any CPU
		{33581FB6-74C5-42EA-B406-A2D8E54EA710}.Release|Any CPU.Build.0 = Release|Any CPU
	EndGlobalSection
	GlobalSection(SolutionProperties) = preSolution
		HideSolutionNode = FALSE
	EndGlobalSection
	GlobalSection(NestedProjects) = preSolution
		{E4E42C27-5168-40FA-8297-A362C4700B17} = {CA13352C-39A6-44F0-B276-C9C6D11A6EB8}
		{D01CE206-D534-4EF1-A0E0-F4A1F5382E93} = {CA13352C-39A6-44F0-B276-C9C6D11A6EB8}
		{0A2931D1-CD68-4E7F-8F65-E2A148AEF152} = {403C513A-196E-4B4F-915C-E2DF6407B999}
		{4B7F89AC-2C05-426E-922B-A1603A0FC99D} = {403C513A-196E-4B4F-915C-E2DF6407B999}
		{F835059D-C7F1-403D-8664-4EFC18A42E26} = {3D333F70-DAA6-4586-BF4F-9330BB52DFE9}
		{5D6296AD-C6E5-40BF-B775-205B2A576D81} = {3D333F70-DAA6-4586-BF4F-9330BB52DFE9}
		{FC940922-E744-4D78-A683-A1D6EF78C148} = {3D333F70-DAA6-4586-BF4F-9330BB52DFE9}
		{C4AE45D3-88D8-440F-BA7F-9141E219F55D} = {3D333F70-DAA6-4586-BF4F-9330BB52DFE9}
		{C00E3448-388F-4FBE-B9CE-43100D47CA54} = {3D333F70-DAA6-4586-BF4F-9330BB52DFE9}
		{C5984BC4-5CFF-492E-B038-AABDB05A1131} = {CA13352C-39A6-44F0-B276-C9C6D11A6EB8}
	EndGlobalSection
	GlobalSection(ExtensibilityGlobals) = postSolution
		SolutionGuid = {75721008-2AE9-4CA2-BDA7-7351B84C8BD0}
	EndGlobalSection
EndGlobal
