
Microsoft Visual Studio Solution File, Format Version 12.00
# Visual Studio Version 16
VisualStudioVersion = 16.0.29709.97
MinimumVisualStudioVersion = 10.0.40219.1
Project("{9A19103F-16F7-4668-BE54-9A1E7A4F7556}") = "Sem.Tools", "Sem.Tools\Sem.Tools.csproj", "{E4E42C27-5168-40FA-8297-A362C4700B17}"
EndProject
Project("{9A19103F-16F7-4668-BE54-9A1E7A4F7556}") = "Sem.Tools.CmdLine", "Sem.Tools.CmdLine\Sem.Tools.CmdLine.csproj", "{D01CE206-D534-4EF1-A0E0-F4A1F5382E93}"
EndProject
Project("{9A19103F-16F7-4668-BE54-9A1E7A4F7556}") = "Sem.Tools.Logging", "Sem.Tools.Logging\Sem.Tools.Logging.csproj", "{0A2931D1-CD68-4E7F-8F65-E2A148AEF152}"
EndProject
Project("{FAE04EC0-301F-11D3-BF4B-00C04F79EFBC}") = "Sem.Tools.Logging.Tests", "..\Sem.Tools.Logging.Tests\Sem.Tools.Logging.Tests.csproj", "{C274E1E8-AB52-4E72-9A92-E9D26BA7E721}"
EndProject
Global
	GlobalSection(SolutionConfigurationPlatforms) = preSolution
		Debug|Any CPU = Debug|Any CPU
		Release|Any CPU = Release|Any CPU
	EndGlobalSection
	GlobalSection(ProjectConfigurationPlatforms) = postSolution
		{E4E42C27-5168-40FA-8297-A362C4700B17}.Debug|Any CPU.ActiveCfg = Debug|Any CPU
		{E4E42C27-5168-40FA-8297-A362C4700B17}.Debug|Any CPU.Build.0 = Debug|Any CPU
		{E4E42C27-5168-40FA-8297-A362C4700B17}.Release|Any CPU.ActiveCfg = Release|Any CPU
		{E4E42C27-5168-40FA-8297-A362C4700B17}.Release|Any CPU.Build.0 = Release|Any CPU
		{D01CE206-D534-4EF1-A0E0-F4A1F5382E93}.Debug|Any CPU.ActiveCfg = Debug|Any CPU
		{D01CE206-D534-4EF1-A0E0-F4A1F5382E93}.Debug|Any CPU.Build.0 = Debug|Any CPU
		{D01CE206-D534-4EF1-A0E0-F4A1F5382E93}.Release|Any CPU.ActiveCfg = Release|Any CPU
		{D01CE206-D534-4EF1-A0E0-F4A1F5382E93}.Release|Any CPU.Build.0 = Release|Any CPU
		{0A2931D1-CD68-4E7F-8F65-E2A148AEF152}.Debug|Any CPU.ActiveCfg = Debug|Any CPU
		{0A2931D1-CD68-4E7F-8F65-E2A148AEF152}.Debug|Any CPU.Build.0 = Debug|Any CPU
		{0A2931D1-CD68-4E7F-8F65-E2A148AEF152}.Release|Any CPU.ActiveCfg = Release|Any CPU
		{0A2931D1-CD68-4E7F-8F65-E2A148AEF152}.Release|Any CPU.Build.0 = Release|Any CPU
		{C274E1E8-AB52-4E72-9A92-E9D26BA7E721}.Debug|Any CPU.ActiveCfg = Debug|Any CPU
		{C274E1E8-AB52-4E72-9A92-E9D26BA7E721}.Debug|Any CPU.Build.0 = Debug|Any CPU
		{C274E1E8-AB52-4E72-9A92-E9D26BA7E721}.Release|Any CPU.ActiveCfg = Release|Any CPU
		{C274E1E8-AB52-4E72-9A92-E9D26BA7E721}.Release|Any CPU.Build.0 = Release|Any CPU
	EndGlobalSection
	GlobalSection(SolutionProperties) = preSolution
		HideSolutionNode = FALSE
	EndGlobalSection
	GlobalSection(ExtensibilityGlobals) = postSolution
		SolutionGuid = {75721008-2AE9-4CA2-BDA7-7351B84C8BD0}
	EndGlobalSection
EndGlobal
